
Microsoft Visual Studio Solution File, Format Version 12.00
# Visual Studio Version 16
VisualStudioVersion = 16.0.28803.202
MinimumVisualStudioVersion = 10.0.40219.1
Project("{2150E333-8FDC-42A3-9474-1A3956D46DE8}") = "Solution Items", "Solution Items", "{E27A9B40-7F6A-4C9B-91EC-A8AC6C2DC009}"
EndProject
Project("{A07B5EB6-E848-4116-A8D0-A826331D98C6}") = "ClusterObserverApp", "ClusterObserverApp\ClusterObserverApp.sfproj", "{BD5D216F-5F89-4CC4-92FD-D6FDEC5A19AD}"
EndProject
Project("{FAE04EC0-301F-11D3-BF4B-00C04F79EFBC}") = "ClusterObserver", "ClusterObserver\ClusterObserver.csproj", "{5E990052-7B55-4AF1-BCD9-48DE6EA0E547}"
EndProject
Global
	GlobalSection(SolutionConfigurationPlatforms) = preSolution
		Debug|Any CPU = Debug|Any CPU
		Debug|x64 = Debug|x64
		Release|Any CPU = Release|Any CPU
		Release|x64 = Release|x64
	EndGlobalSection
	GlobalSection(ProjectConfigurationPlatforms) = postSolution
		{BD5D216F-5F89-4CC4-92FD-D6FDEC5A19AD}.Debug|Any CPU.ActiveCfg = Debug|x64
		{BD5D216F-5F89-4CC4-92FD-D6FDEC5A19AD}.Debug|x64.ActiveCfg = Debug|x64
		{BD5D216F-5F89-4CC4-92FD-D6FDEC5A19AD}.Debug|x64.Build.0 = Debug|x64
		{BD5D216F-5F89-4CC4-92FD-D6FDEC5A19AD}.Debug|x64.Deploy.0 = Debug|x64
		{BD5D216F-5F89-4CC4-92FD-D6FDEC5A19AD}.Release|Any CPU.ActiveCfg = Release|x64
		{BD5D216F-5F89-4CC4-92FD-D6FDEC5A19AD}.Release|x64.ActiveCfg = Release|x64
		{BD5D216F-5F89-4CC4-92FD-D6FDEC5A19AD}.Release|x64.Build.0 = Release|x64
		{BD5D216F-5F89-4CC4-92FD-D6FDEC5A19AD}.Release|x64.Deploy.0 = Release|x64
		{5E990052-7B55-4AF1-BCD9-48DE6EA0E547}.Debug|Any CPU.ActiveCfg = Debug|x64
		{5E990052-7B55-4AF1-BCD9-48DE6EA0E547}.Debug|x64.ActiveCfg = Debug|x64
		{5E990052-7B55-4AF1-BCD9-48DE6EA0E547}.Debug|x64.Build.0 = Debug|x64
		{5E990052-7B55-4AF1-BCD9-48DE6EA0E547}.Release|Any CPU.ActiveCfg = Release|x64
		{5E990052-7B55-4AF1-BCD9-48DE6EA0E547}.Release|x64.ActiveCfg = Release|x64
		{5E990052-7B55-4AF1-BCD9-48DE6EA0E547}.Release|x64.Build.0 = Release|x64
	EndGlobalSection
	GlobalSection(SolutionProperties) = preSolution
		HideSolutionNode = FALSE
	EndGlobalSection
	GlobalSection(ExtensibilityGlobals) = postSolution
		SolutionGuid = {AC046A6F-D408-473A-BF49-6CF00F8E2F44}
	EndGlobalSection
	GlobalSection(Performance) = preSolution
		HasPerformanceSessions = true
	EndGlobalSection
EndGlobal
